
Microsoft Visual Studio Solution File, Format Version 12.00
# Visual Studio Version 16
VisualStudioVersion = 16.0.32002.261
MinimumVisualStudioVersion = 10.0.40219.1
Project("{FAE04EC0-301F-11D3-BF4B-00C04F79EFBC}") = "TeacherBook", "TeacherBook\TeacherBook.csproj", "{3A936290-D862-44F4-92C7-EF6CDF88C4C4}"
EndProject
Project("{FAE04EC0-301F-11D3-BF4B-00C04F79EFBC}") = "TeacherBookLibraryTests", "TeacherBookLibraryTests\TeacherBookLibraryTests.csproj", "{8890C00B-0068-4143-BC3F-482FB357E267}"
EndProject
Project("{FAE04EC0-301F-11D3-BF4B-00C04F79EFBC}") = "TeacherBookLibraryNew", "TeacherBookLibraryNew\TeacherBookLibraryNew.csproj", "{0CDFF595-4CF8-4DCB-AEAF-04DB44AEF165}"
EndProject
Global
	GlobalSection(SolutionConfigurationPlatforms) = preSolution
		Debug|Any CPU = Debug|Any CPU
		Release|Any CPU = Release|Any CPU
	EndGlobalSection
	GlobalSection(ProjectConfigurationPlatforms) = postSolution
		{3A936290-D862-44F4-92C7-EF6CDF88C4C4}.Debug|Any CPU.ActiveCfg = Debug|Any CPU
		{3A936290-D862-44F4-92C7-EF6CDF88C4C4}.Debug|Any CPU.Build.0 = Debug|Any CPU
		{3A936290-D862-44F4-92C7-EF6CDF88C4C4}.Release|Any CPU.ActiveCfg = Release|Any CPU
		{3A936290-D862-44F4-92C7-EF6CDF88C4C4}.Release|Any CPU.Build.0 = Release|Any CPU
		{8890C00B-0068-4143-BC3F-482FB357E267}.Debug|Any CPU.ActiveCfg = Debug|Any CPU
		{8890C00B-0068-4143-BC3F-482FB357E267}.Debug|Any CPU.Build.0 = Debug|Any CPU
		{8890C00B-0068-4143-BC3F-482FB357E267}.Release|Any CPU.ActiveCfg = Release|Any CPU
		{8890C00B-0068-4143-BC3F-482FB357E267}.Release|Any CPU.Build.0 = Release|Any CPU
		{0CDFF595-4CF8-4DCB-AEAF-04DB44AEF165}.Debug|Any CPU.ActiveCfg = Debug|Any CPU
		{0CDFF595-4CF8-4DCB-AEAF-04DB44AEF165}.Debug|Any CPU.Build.0 = Debug|Any CPU
		{0CDFF595-4CF8-4DCB-AEAF-04DB44AEF165}.Release|Any CPU.ActiveCfg = Release|Any CPU
		{0CDFF595-4CF8-4DCB-AEAF-04DB44AEF165}.Release|Any CPU.Build.0 = Release|Any CPU
	EndGlobalSection
	GlobalSection(SolutionProperties) = preSolution
		HideSolutionNode = FALSE
	EndGlobalSection
	GlobalSection(ExtensibilityGlobals) = postSolution
		SolutionGuid = {C5FA089F-E259-4C53-B76D-EC2204CA81FB}
	EndGlobalSection
EndGlobal
